
Microsoft Visual Studio Solution File, Format Version 12.00
# Visual Studio Version 17
VisualStudioVersion = 17.14.37111.16 d17.14
MinimumVisualStudioVersion = 10.0.40219.1
Project("{FAE04EC0-301F-11D3-BF4B-00C04F79EFBC}") = "Assignment_5", "Assignment_5\Assignment_5.csproj", "{04DBAB5F-25A0-4C29-B7BC-068982D40435}"
EndProject
Global
	GlobalSection(SolutionConfigurationPlatforms) = preSolution
		Debug|Any CPU = Debug|Any CPU
		Release|Any CPU = Release|Any CPU
	EndGlobalSection
	GlobalSection(ProjectConfigurationPlatforms) = postSolution
		{04DBAB5F-25A0-4C29-B7BC-068982D40435}.Debug|Any CPU.ActiveCfg = Debug|Any CPU
		{04DBAB5F-25A0-4C29-B7BC-068982D40435}.Debug|Any CPU.Build.0 = Debug|Any CPU
		{04DBAB5F-25A0-4C29-B7BC-068982D40435}.Release|Any CPU.ActiveCfg = Release|Any CPU
		{04DBAB5F-25A0-4C29-B7BC-068982D40435}.Release|Any CPU.Build.0 = Release|Any CPU
	EndGlobalSection
	GlobalSection(SolutionProperties) = preSolution
		HideSolutionNode = FALSE
	EndGlobalSection
	GlobalSection(ExtensibilityGlobals) = postSolution
		SolutionGuid = {A06CB9B6-39B1-4766-95BC-4DD83A33C725}
	EndGlobalSection
EndGlobal
