
Microsoft Visual Studio Solution File, Format Version 12.00
# Visual Studio Version 17
VisualStudioVersion = 17.14.37111.16 d17.14
MinimumVisualStudioVersion = 10.0.40219.1
Project("{FAE04EC0-301F-11D3-BF4B-00C04F79EFBC}") = "Assignment_3", "Assignment_3\Assignment_3.csproj", "{21E78F89-9E09-4B63-A86C-1C7570CD4797}"
EndProject
Global
	GlobalSection(SolutionConfigurationPlatforms) = preSolution
		Debug|Any CPU = Debug|Any CPU
		Release|Any CPU = Release|Any CPU
	EndGlobalSection
	GlobalSection(ProjectConfigurationPlatforms) = postSolution
		{21E78F89-9E09-4B63-A86C-1C7570CD4797}.Debug|Any CPU.ActiveCfg = Debug|Any CPU
		{21E78F89-9E09-4B63-A86C-1C7570CD4797}.Debug|Any CPU.Build.0 = Debug|Any CPU
		{21E78F89-9E09-4B63-A86C-1C7570CD4797}.Release|Any CPU.ActiveCfg = Release|Any CPU
		{21E78F89-9E09-4B63-A86C-1C7570CD4797}.Release|Any CPU.Build.0 = Release|Any CPU
	EndGlobalSection
	GlobalSection(SolutionProperties) = preSolution
		HideSolutionNode = FALSE
	EndGlobalSection
	GlobalSection(ExtensibilityGlobals) = postSolution
		SolutionGuid = {76DE284B-529C-486B-A92A-F2112658D209}
	EndGlobalSection
EndGlobal
