
Microsoft Visual Studio Solution File, Format Version 12.00
# Visual Studio Version 17
VisualStudioVersion = 17.14.37111.16 d17.14
MinimumVisualStudioVersion = 10.0.40219.1
Project("{FAE04EC0-301F-11D3-BF4B-00C04F79EFBC}") = "Assignment_2", "Assignment_2\Assignment_2.csproj", "{F45553D2-55ED-4D4F-B99F-4446DCDA9666}"
EndProject
Global
	GlobalSection(SolutionConfigurationPlatforms) = preSolution
		Debug|Any CPU = Debug|Any CPU
		Release|Any CPU = Release|Any CPU
	EndGlobalSection
	GlobalSection(ProjectConfigurationPlatforms) = postSolution
		{F45553D2-55ED-4D4F-B99F-4446DCDA9666}.Debug|Any CPU.ActiveCfg = Debug|Any CPU
		{F45553D2-55ED-4D4F-B99F-4446DCDA9666}.Debug|Any CPU.Build.0 = Debug|Any CPU
		{F45553D2-55ED-4D4F-B99F-4446DCDA9666}.Release|Any CPU.ActiveCfg = Release|Any CPU
		{F45553D2-55ED-4D4F-B99F-4446DCDA9666}.Release|Any CPU.Build.0 = Release|Any CPU
	EndGlobalSection
	GlobalSection(SolutionProperties) = preSolution
		HideSolutionNode = FALSE
	EndGlobalSection
	GlobalSection(ExtensibilityGlobals) = postSolution
		SolutionGuid = {CD9860C3-76EF-445D-8424-2C022BE06287}
	EndGlobalSection
EndGlobal
